{
  "name": "WET-Mini-Project",
  "lockfileVersion": 3,
  "requires": true,
  "packages": {
    "": {
      "dependencies": {
        "@rive-app/canvas": "^1.1.6"
      }
    },
    "node_modules/@rive-app/canvas": {
      "version": "1.1.6",
      "resolved": "https://registry.npmjs.org/@rive-app/canvas/-/canvas-1.1.6.tgz",
      "integrity": "sha512-WnYGPXPX/0kLuqlVn47qRd0rGNttonBErwc/IMIk4C8rDGd3TQ3ZsxNPppgWiTw8JoJkNwgjIDrCuBe5Ig6u/Q=="
    }
  }
}
